
Microsoft Visual Studio Solution File, Format Version 12.00
# Visual Studio Version 17
VisualStudioVersion = 17.10.34607.79
MinimumVisualStudioVersion = 10.0.40219.1
Project("{F184B08F-C81C-45F6-A57F-5ABD9991F28F}") = "Form1", "Form1.vbproj", "{78FF9579-A83A-40DF-B904-064887A42F5B}"
EndProject
Global
	GlobalSection(SolutionConfigurationPlatforms) = preSolution
		Debug|Any CPU = Debug|Any CPU
		Release|Any CPU = Release|Any CPU
	EndGlobalSection
	GlobalSection(ProjectConfigurationPlatforms) = postSolution
		{78FF9579-A83A-40DF-B904-064887A42F5B}.Debug|Any CPU.ActiveCfg = Debug|Any CPU
		{78FF9579-A83A-40DF-B904-064887A42F5B}.Debug|Any CPU.Build.0 = Debug|Any CPU
		{78FF9579-A83A-40DF-B904-064887A42F5B}.Release|Any CPU.ActiveCfg = Release|Any CPU
		{78FF9579-A83A-40DF-B904-064887A42F5B}.Release|Any CPU.Build.0 = Release|Any CPU
	EndGlobalSection
	GlobalSection(SolutionProperties) = preSolution
		HideSolutionNode = FALSE
	EndGlobalSection
	GlobalSection(ExtensibilityGlobals) = postSolution
		SolutionGuid = {B34C2785-4F08-441F-8338-6D8C9379322D}
	EndGlobalSection
EndGlobal
